
Microsoft Visual Studio Solution File, Format Version 12.00
# Visual Studio Version 17
VisualStudioVersion = 17.14.36915.13 d17.14
MinimumVisualStudioVersion = 10.0.40219.1
Project("{FAE04EC0-301F-11D3-BF4B-00C04F79EFBC}") = "WpfAppBindings", "WpfAppBindings\WpfAppBindings.csproj", "{E99550DA-EAFC-4866-ACE6-8CB79B3F6A15}"
EndProject
Global
	GlobalSection(SolutionConfigurationPlatforms) = preSolution
		Debug|Any CPU = Debug|Any CPU
		Release|Any CPU = Release|Any CPU
	EndGlobalSection
	GlobalSection(ProjectConfigurationPlatforms) = postSolution
		{E99550DA-EAFC-4866-ACE6-8CB79B3F6A15}.Debug|Any CPU.ActiveCfg = Debug|Any CPU
		{E99550DA-EAFC-4866-ACE6-8CB79B3F6A15}.Debug|Any CPU.Build.0 = Debug|Any CPU
		{E99550DA-EAFC-4866-ACE6-8CB79B3F6A15}.Release|Any CPU.ActiveCfg = Release|Any CPU
		{E99550DA-EAFC-4866-ACE6-8CB79B3F6A15}.Release|Any CPU.Build.0 = Release|Any CPU
	EndGlobalSection
	GlobalSection(SolutionProperties) = preSolution
		HideSolutionNode = FALSE
	EndGlobalSection
	GlobalSection(ExtensibilityGlobals) = postSolution
		SolutionGuid = {D25321A4-9052-44D0-9E6E-4400A7182E3A}
	EndGlobalSection
EndGlobal
